
Microsoft Visual Studio Solution File, Format Version 12.00
# Visual Studio Version 17
VisualStudioVersion = 17.10.35004.147
MinimumVisualStudioVersion = 10.0.40219.1
Project("{9A19103F-16F7-4668-BE54-9A1E7A4F7556}") = "RepairManagement.Infrastructure", "RepairManagement.Infrastructure\RepairManagement.Infrastructure.csproj", "{251BDEAD-3088-4159-B936-23E9FA93031B}"
EndProject
Project("{9A19103F-16F7-4668-BE54-9A1E7A4F7556}") = "RepairManagement.Domain", "RepairManagement.Domain\RepairManagement.Domain.csproj", "{1E1E8006-8B13-49EB-9D69-D3A849F67E64}"
EndProject
Project("{9A19103F-16F7-4668-BE54-9A1E7A4F7556}") = "RepairManagement.Application", "RepairManagement.Application\RepairManagement.Application.csproj", "{276434FA-F96E-4E1F-9452-C922E53EE6BF}"
EndProject
Project("{9A19103F-16F7-4668-BE54-9A1E7A4F7556}") = "RepairManagement.Api", "RepairManagement.Api\RepairManagement.Api.csproj", "{82C4D365-6C0F-4079-8981-46EADC273C0B}"
EndProject
Project("{FAE04EC0-301F-11D3-BF4B-00C04F79EFBC}") = "RepairManagement.Commons", "RepairManagement.Commons\RepairManagement.Commons.csproj", "{AFE04767-1058-49B3-9DF7-4AABB4A11184}"
EndProject
Global
	GlobalSection(SolutionConfigurationPlatforms) = preSolution
		Debug|Any CPU = Debug|Any CPU
		Release|Any CPU = Release|Any CPU
	EndGlobalSection
	GlobalSection(ProjectConfigurationPlatforms) = postSolution
		{251BDEAD-3088-4159-B936-23E9FA93031B}.Debug|Any CPU.ActiveCfg = Debug|Any CPU
		{251BDEAD-3088-4159-B936-23E9FA93031B}.Debug|Any CPU.Build.0 = Debug|Any CPU
		{251BDEAD-3088-4159-B936-23E9FA93031B}.Release|Any CPU.ActiveCfg = Release|Any CPU
		{251BDEAD-3088-4159-B936-23E9FA93031B}.Release|Any CPU.Build.0 = Release|Any CPU
		{1E1E8006-8B13-49EB-9D69-D3A849F67E64}.Debug|Any CPU.ActiveCfg = Debug|Any CPU
		{1E1E8006-8B13-49EB-9D69-D3A849F67E64}.Debug|Any CPU.Build.0 = Debug|Any CPU
		{1E1E8006-8B13-49EB-9D69-D3A849F67E64}.Release|Any CPU.ActiveCfg = Release|Any CPU
		{1E1E8006-8B13-49EB-9D69-D3A849F67E64}.Release|Any CPU.Build.0 = Release|Any CPU
		{276434FA-F96E-4E1F-9452-C922E53EE6BF}.Debug|Any CPU.ActiveCfg = Debug|Any CPU
		{276434FA-F96E-4E1F-9452-C922E53EE6BF}.Debug|Any CPU.Build.0 = Debug|Any CPU
		{276434FA-F96E-4E1F-9452-C922E53EE6BF}.Release|Any CPU.ActiveCfg = Release|Any CPU
		{276434FA-F96E-4E1F-9452-C922E53EE6BF}.Release|Any CPU.Build.0 = Release|Any CPU
		{82C4D365-6C0F-4079-8981-46EADC273C0B}.Debug|Any CPU.ActiveCfg = Debug|Any CPU
		{82C4D365-6C0F-4079-8981-46EADC273C0B}.Debug|Any CPU.Build.0 = Debug|Any CPU
		{82C4D365-6C0F-4079-8981-46EADC273C0B}.Release|Any CPU.ActiveCfg = Release|Any CPU
		{82C4D365-6C0F-4079-8981-46EADC273C0B}.Release|Any CPU.Build.0 = Release|Any CPU
		{AFE04767-1058-49B3-9DF7-4AABB4A11184}.Debug|Any CPU.ActiveCfg = Debug|Any CPU
		{AFE04767-1058-49B3-9DF7-4AABB4A11184}.Debug|Any CPU.Build.0 = Debug|Any CPU
		{AFE04767-1058-49B3-9DF7-4AABB4A11184}.Release|Any CPU.ActiveCfg = Release|Any CPU
		{AFE04767-1058-49B3-9DF7-4AABB4A11184}.Release|Any CPU.Build.0 = Release|Any CPU
	EndGlobalSection
	GlobalSection(SolutionProperties) = preSolution
		HideSolutionNode = FALSE
	EndGlobalSection
	GlobalSection(ExtensibilityGlobals) = postSolution
		SolutionGuid = {9FA50C50-1870-464D-9BD7-29077E8C8969}
	EndGlobalSection
EndGlobal
